
Microsoft Visual Studio Solution File, Format Version 12.00
# Visual Studio 15
VisualStudioVersion = 15.0.27703.2018
MinimumVisualStudioVersion = 10.0.40219.1
Project("{FAE04EC0-301F-11D3-BF4B-00C04F79EFBC}") = "SquadMaker", "SquadMaker.csproj", "{DBC9BA1A-D81A-4AB7-BBF3-C415FF2D978A}"
EndProject
Project("{FAE04EC0-301F-11D3-BF4B-00C04F79EFBC}") = "SquadMakerTests", "..\SquadMakerTests\SquadMakerTests.csproj", "{7CA66B01-AAC5-405D-B227-8752AD300918}"
EndProject
Global
	GlobalSection(SolutionConfigurationPlatforms) = preSolution
		Debug|Any CPU = Debug|Any CPU
		Release|Any CPU = Release|Any CPU
	EndGlobalSection
	GlobalSection(ProjectConfigurationPlatforms) = postSolution
		{DBC9BA1A-D81A-4AB7-BBF3-C415FF2D978A}.Debug|Any CPU.ActiveCfg = Debug|Any CPU
		{DBC9BA1A-D81A-4AB7-BBF3-C415FF2D978A}.Debug|Any CPU.Build.0 = Debug|Any CPU
		{DBC9BA1A-D81A-4AB7-BBF3-C415FF2D978A}.Release|Any CPU.ActiveCfg = Release|Any CPU
		{DBC9BA1A-D81A-4AB7-BBF3-C415FF2D978A}.Release|Any CPU.Build.0 = Release|Any CPU
		{7CA66B01-AAC5-405D-B227-8752AD300918}.Debug|Any CPU.ActiveCfg = Debug|Any CPU
		{7CA66B01-AAC5-405D-B227-8752AD300918}.Debug|Any CPU.Build.0 = Debug|Any CPU
		{7CA66B01-AAC5-405D-B227-8752AD300918}.Release|Any CPU.ActiveCfg = Release|Any CPU
		{7CA66B01-AAC5-405D-B227-8752AD300918}.Release|Any CPU.Build.0 = Release|Any CPU
	EndGlobalSection
	GlobalSection(SolutionProperties) = preSolution
		HideSolutionNode = FALSE
	EndGlobalSection
	GlobalSection(ExtensibilityGlobals) = postSolution
		SolutionGuid = {D7E2F610-4B5F-4B22-81B8-C4821750F646}
	EndGlobalSection
EndGlobal
